// !$*UTF8*$!
{
	archiveVersion = 1;
	classes = {
	};
	objectVersion = 55;
	objects = {

/* Begin PBXBuildFile section */
		3EDC9C6F2991B75800C930E7 /* main.cpp in Sources */ = {isa = PBXBuildFile; fileRef = 3EDC9C6E2991B75800C930E7 /* main.cpp */; };
		3EDC9C842991BAD300C930E7 /* Order.cpp in Sources */ = {isa = PBXBuildFile; fileRef = 3EDC9C802991BAD300C930E7 /* Order.cpp */; };
/* End PBXBuildFile section */

/* Begin PBXCopyFilesBuildPhase section */
		3EDC9C692991B75800C930E7 /* CopyFiles */ = {
			isa = PBXCopyFilesBuildPhase;
			buildActionMask = 2147483647;
			dstPath = /usr/share/man/man1/;
			dstSubfolderSpec = 0;
			files = (
			);
			runOnlyForDeploymentPostprocessing = 1;
		};
/* End PBXCopyFilesBuildPhase section */

/* Begin PBXFileReference section */
		3EDC9C6B2991B75800C930E7 /* QuantitativeTradingEnvironment */ = {isa = PBXFileReference; explicitFileType = "compiled.mach-o.executable"; includeInIndex = 0; path = QuantitativeTradingEnvironment; sourceTree = BUILT_PRODUCTS_DIR; };
		3EDC9C6E2991B75800C930E7 /* main.cpp */ = {isa = PBXFileReference; lastKnownFileType = sourcecode.cpp.cpp; path = main.cpp; sourceTree = "<group>"; };
		3EDC9C7F2991BAD300C930E7 /* AppBase.h */ = {isa = PBXFileReference; fileEncoding = 4; lastKnownFileType = sourcecode.c.h; path = AppBase.h; sourceTree = "<group>"; };
		3EDC9C802991BAD300C930E7 /* Order.cpp */ = {isa = PBXFileReference; fileEncoding = 4; lastKnownFileType = sourcecode.cpp.cpp; path = Order.cpp; sourceTree = "<group>"; };
		3EDC9C812991BAD300C930E7 /* Composer.h */ = {isa = PBXFileReference; fileEncoding = 4; lastKnownFileType = sourcecode.c.h; path = Composer.h; sourceTree = "<group>"; };
		3EDC9C822991BAD300C930E7 /* Order.hpp */ = {isa = PBXFileReference; fileEncoding = 4; lastKnownFileType = sourcecode.cpp.h; path = Order.hpp; sourceTree = "<group>"; };
		3EDC9C832991BAD300C930E7 /* Parser.h */ = {isa = PBXFileReference; fileEncoding = 4; lastKnownFileType = sourcecode.c.h; path = Parser.h; sourceTree = "<group>"; };
		3EDC9C852991C6C500C930E7 /* TradingStrategy.h */ = {isa = PBXFileReference; lastKnownFileType = sourcecode.c.h; path = TradingStrategy.h; sourceTree = "<group>"; };
		3EDC9C862991C75800C930E7 /* OrderManager.h */ = {isa = PBXFileReference; lastKnownFileType = sourcecode.c.h; path = OrderManager.h; sourceTree = "<group>"; };
		3EDC9C872991C85F00C930E7 /* MarketSimulator.h */ = {isa = PBXFileReference; lastKnownFileType = sourcecode.c.h; path = MarketSimulator.h; sourceTree = "<group>"; };
		3EDC9C892997114400C930E7 /* BookBuilder.h */ = {isa = PBXFileReference; lastKnownFileType = sourcecode.c.h; path = BookBuilder.h; sourceTree = "<group>"; };
/* End PBXFileReference section */

/* Begin PBXFrameworksBuildPhase section */
		3EDC9C682991B75800C930E7 /* Frameworks */ = {
			isa = PBXFrameworksBuildPhase;
			buildActionMask = 2147483647;
			files = (
			);
			runOnlyForDeploymentPostprocessing = 0;
		};
/* End PBXFrameworksBuildPhase section */

/* Begin PBXGroup section */
		3EDC9C622991B75800C930E7 = {
			isa = PBXGroup;
			children = (
				3EDC9C6D2991B75800C930E7 /* QuantitativeTradingEnvironment */,
				3EDC9C6C2991B75800C930E7 /* Products */,
			);
			sourceTree = "<group>";
		};
		3EDC9C6C2991B75800C930E7 /* Products */ = {
			isa = PBXGroup;
			children = (
				3EDC9C6B2991B75800C930E7 /* QuantitativeTradingEnvironment */,
			);
			name = Products;
			sourceTree = "<group>";
		};
		3EDC9C6D2991B75800C930E7 /* QuantitativeTradingEnvironment */ = {
			isa = PBXGroup;
			children = (
				3EDC9C7F2991BAD300C930E7 /* AppBase.h */,
				3EDC9C812991BAD300C930E7 /* Composer.h */,
				3EDC9C802991BAD300C930E7 /* Order.cpp */,
				3EDC9C822991BAD300C930E7 /* Order.hpp */,
				3EDC9C832991BAD300C930E7 /* Parser.h */,
				3EDC9C6E2991B75800C930E7 /* main.cpp */,
				3EDC9C852991C6C500C930E7 /* TradingStrategy.h */,
				3EDC9C862991C75800C930E7 /* OrderManager.h */,
				3EDC9C872991C85F00C930E7 /* MarketSimulator.h */,
				3EDC9C892997114400C930E7 /* BookBuilder.h */,
			);
			path = QuantitativeTradingEnvironment;
			sourceTree = "<group>";
		};
/* End PBXGroup section */

/* Begin PBXNativeTarget section */
		3EDC9C6A2991B75800C930E7 /* QuantitativeTradingEnvironment */ = {
			isa = PBXNativeTarget;
			buildConfigurationList = 3EDC9C722991B75800C930E7 /* Build configuration list for PBXNativeTarget "QuantitativeTradingEnvironment" */;
			buildPhases = (
				3EDC9C672991B75800C930E7 /* Sources */,
				3EDC9C682991B75800C930E7 /* Frameworks */,
				3EDC9C692991B75800C930E7 /* CopyFiles */,
			);
			buildRules = (
			);
			dependencies = (
			);
			name = QuantitativeTradingEnvironment;
			productName = QuantitativeTradingEnvironment;
			productReference = 3EDC9C6B2991B75800C930E7 /* QuantitativeTradingEnvironment */;
			productType = "com.apple.product-type.tool";
		};
/* End PBXNativeTarget section */

/* Begin PBXProject section */
		3EDC9C632991B75800C930E7 /* Project object */ = {
			isa = PBXProject;
			attributes = {
				BuildIndependentTargetsInParallel = 1;
				LastUpgradeCheck = 1320;
				TargetAttributes = {
					3EDC9C6A2991B75800C930E7 = {
						CreatedOnToolsVersion = 13.2.1;
					};
				};
			};
			buildConfigurationList = 3EDC9C662991B75800C930E7 /* Build configuration list for PBXProject "QuantitativeTradingEnvironment" */;
			compatibilityVersion = "Xcode 13.0";
			developmentRegion = en;
			hasScannedForEncodings = 0;
			knownRegions = (
				en,
				Base,
			);
			mainGroup = 3EDC9C622991B75800C930E7;
			productRefGroup = 3EDC9C6C2991B75800C930E7 /* Products */;
			projectDirPath = "";
			projectRoot = "";
			targets = (
				3EDC9C6A2991B75800C930E7 /* QuantitativeTradingEnvironment */,
			);
		};
/* End PBXProject section */

/* Begin PBXSourcesBuildPhase section */
		3EDC9C672991B75800C930E7 /* Sources */ = {
			isa = PBXSourcesBuildPhase;
			buildActionMask = 2147483647;
			files = (
				3EDC9C842991BAD300C930E7 /* Order.cpp in Sources */,
				3EDC9C6F2991B75800C930E7 /* main.cpp in Sources */,
			);
			runOnlyForDeploymentPostprocessing = 0;
		};
/* End PBXSourcesBuildPhase section */

/* Begin XCBuildConfiguration section */
		3EDC9C702991B75800C930E7 /* Debug */ = {
			isa = XCBuildConfiguration;
			buildSettings = {
				ALWAYS_SEARCH_USER_PATHS = NO;
				CLANG_ANALYZER_NONNULL = YES;
				CLANG_ANALYZER_NUMBER_OBJECT_CONVERSION = YES_AGGRESSIVE;
				CLANG_CXX_LANGUAGE_STANDARD = "gnu++17";
				CLANG_CXX_LIBRARY = "libc++";
				CLANG_ENABLE_MODULES = YES;
				CLANG_ENABLE_OBJC_ARC = YES;
				CLANG_ENABLE_OBJC_WEAK = YES;
				CLANG_WARN_BLOCK_CAPTURE_AUTORELEASING = YES;
				CLANG_WARN_BOOL_CONVERSION = YES;
				CLANG_WARN_COMMA = YES;
				CLANG_WARN_CONSTANT_CONVERSION = YES;
				CLANG_WARN_DEPRECATED_OBJC_IMPLEMENTATIONS = YES;
				CLANG_WARN_DIRECT_OBJC_ISA_USAGE = YES_ERROR;
				CLANG_WARN_DOCUMENTATION_COMMENTS = YES;
				CLANG_WARN_EMPTY_BODY = YES;
				CLANG_WARN_ENUM_CONVERSION = YES;
				CLANG_WARN_INFINITE_RECURSION = YES;
				CLANG_WARN_INT_CONVERSION = YES;
				CLANG_WARN_NON_LITERAL_NULL_CONVERSION = YES;
				CLANG_WARN_OBJC_IMPLICIT_RETAIN_SELF = YES;
				CLANG_WARN_OBJC_LITERAL_CONVERSION = YES;
				CLANG_WARN_OBJC_ROOT_CLASS = YES_ERROR;
				CLANG_WARN_QUOTED_INCLUDE_IN_FRAMEWORK_HEADER = YES;
				CLANG_WARN_RANGE_LOOP_ANALYSIS = YES;
				CLANG_WARN_STRICT_PROTOTYPES = YES;
				CLANG_WARN_SUSPICIOUS_MOVE = YES;
				CLANG_WARN_UNGUARDED_AVAILABILITY = YES_AGGRESSIVE;
				CLANG_WARN_UNREACHABLE_CODE = YES;
				CLANG_WARN__DUPLICATE_METHOD_MATCH = YES;
				COPY_PHASE_STRIP = NO;
				DEBUG_INFORMATION_FORMAT = dwarf;
				ENABLE_STRICT_OBJC_MSGSEND = YES;
				ENABLE_TESTABILITY = YES;
				GCC_C_LANGUAGE_STANDARD = gnu11;
				GCC_DYNAMIC_NO_PIC = NO;
				GCC_NO_COMMON_BLOCKS = YES;
				GCC_OPTIMIZATION_LEVEL = 0;
				GCC_PREPROCESSOR_DEFINITIONS = (
					"DEBUG=1",
					"$(inherited)",
				);
				GCC_WARN_64_TO_32_BIT_CONVERSION = YES;
				GCC_WARN_ABOUT_RETURN_TYPE = YES_ERROR;
				GCC_WARN_UNDECLARED_SELECTOR = YES;
				GCC_WARN_UNINITIALIZED_AUTOS = YES_AGGRESSIVE;
				GCC_WARN_UNUSED_FUNCTION = YES;
				GCC_WARN_UNUSED_VARIABLE = YES;
				MACOSX_DEPLOYMENT_TARGET = 11.4;
				MTL_ENABLE_DEBUG_INFO = INCLUDE_SOURCE;
				MTL_FAST_MATH = YES;
				ONLY_ACTIVE_ARCH = YES;
				SDKROOT = macosx;
			};
			name = Debug;
		};
		3EDC9C712991B75800C930E7 /* Release */ = {
			isa = XCBuildConfiguration;
			buildSettings = {
				ALWAYS_SEARCH_USER_PATHS = NO;
				CLANG_ANALYZER_NONNULL = YES;
				CLANG_ANALYZER_NUMBER_OBJECT_CONVERSION = YES_AGGRESSIVE;
				CLANG_CXX_LANGUAGE_STANDARD = "gnu++17";
				CLANG_CXX_LIBRARY = "libc++";
				CLANG_ENABLE_MODULES = YES;
				CLANG_ENABLE_OBJC_ARC = YES;
				CLANG_ENABLE_OBJC_WEAK = YES;
				CLANG_WARN_BLOCK_CAPTURE_AUTORELEASING = YES;
				CLANG_WARN_BOOL_CONVERSION = YES;
				CLANG_WARN_COMMA = YES;
				CLANG_WARN_CONSTANT_CONVERSION = YES;
				CLANG_WARN_DEPRECATED_OBJC_IMPLEMENTATIONS = YES;
				CLANG_WARN_DIRECT_OBJC_ISA_USAGE = YES_ERROR;
				CLANG_WARN_DOCUMENTATION_COMMENTS = YES;
				CLANG_WARN_EMPTY_BODY = YES;
				CLANG_WARN_ENUM_CONVERSION = YES;
				CLANG_WARN_INFINITE_RECURSION = YES;
				CLANG_WARN_INT_CONVERSION = YES;
				CLANG_WARN_NON_LITERAL_NULL_CONVERSION = YES;
				CLANG_WARN_OBJC_IMPLICIT_RETAIN_SELF = YES;
				CLANG_WARN_OBJC_LITERAL_CONVERSION = YES;
				CLANG_WARN_OBJC_ROOT_CLASS = YES_ERROR;
				CLANG_WARN_QUOTED_INCLUDE_IN_FRAMEWORK_HEADER = YES;
				CLANG_WARN_RANGE_LOOP_ANALYSIS = YES;
				CLANG_WARN_STRICT_PROTOTYPES = YES;
				CLANG_WARN_SUSPICIOUS_MOVE = YES;
				CLANG_WARN_UNGUARDED_AVAILABILITY = YES_AGGRESSIVE;
				CLANG_WARN_UNREACHABLE_CODE = YES;
				CLANG_WARN__DUPLICATE_METHOD_MATCH = YES;
				COPY_PHASE_STRIP = NO;
				DEBUG_INFORMATION_FORMAT = "dwarf-with-dsym";
				ENABLE_NS_ASSERTIONS = NO;
				ENABLE_STRICT_OBJC_MSGSEND = YES;
				GCC_C_LANGUAGE_STANDARD = gnu11;
				GCC_NO_COMMON_BLOCKS = YES;
				GCC_WARN_64_TO_32_BIT_CONVERSION = YES;
				GCC_WARN_ABOUT_RETURN_TYPE = YES_ERROR;
				GCC_WARN_UNDECLARED_SELECTOR = YES;
				GCC_WARN_UNINITIALIZED_AUTOS = YES_AGGRESSIVE;
				GCC_WARN_UNUSED_FUNCTION = YES;
				GCC_WARN_UNUSED_VARIABLE = YES;
				MACOSX_DEPLOYMENT_TARGET = 11.4;
				MTL_ENABLE_DEBUG_INFO = NO;
				MTL_FAST_MATH = YES;
				SDKROOT = macosx;
			};
			name = Release;
		};
		3EDC9C732991B75800C930E7 /* Debug */ = {
			isa = XCBuildConfiguration;
			buildSettings = {
				CODE_SIGN_STYLE = Automatic;
				PRODUCT_NAME = "$(TARGET_NAME)";
			};
			name = Debug;
		};
		3EDC9C742991B75800C930E7 /* Release */ = {
			isa = XCBuildConfiguration;
			buildSettings = {
				CODE_SIGN_STYLE = Automatic;
				PRODUCT_NAME = "$(TARGET_NAME)";
			};
			name = Release;
		};
/* End XCBuildConfiguration section */

/* Begin XCConfigurationList section */
		3EDC9C662991B75800C930E7 /* Build configuration list for PBXProject "QuantitativeTradingEnvironment" */ = {
			isa = XCConfigurationList;
			buildConfigurations = (
				3EDC9C702991B75800C930E7 /* Debug */,
				3EDC9C712991B75800C930E7 /* Release */,
			);
			defaultConfigurationIsVisible = 0;
			defaultConfigurationName = Release;
		};
		3EDC9C722991B75800C930E7 /* Build configuration list for PBXNativeTarget "QuantitativeTradingEnvironment" */ = {
			isa = XCConfigurationList;
			buildConfigurations = (
				3EDC9C732991B75800C930E7 /* Debug */,
				3EDC9C742991B75800C930E7 /* Release */,
			);
			defaultConfigurationIsVisible = 0;
			defaultConfigurationName = Release;
		};
/* End XCConfigurationList section */
	};
	rootObject = 3EDC9C632991B75800C930E7 /* Project object */;
}
